github.com/antlr4-go/antlr/v4 v4.13.1 h1:SqQKkuVZ+zWkMMNkjy5FZe5mr5WURWnlpmOuzYWrPrQ=
github.com/antlr4-go/antlr/v4 v4.13.1/go.mod h1:GKmUxMtwp6ZgGwZSva4eWPC5mS6vUAmOABFgjdkM7Nw=
github.com/itsubaki/q v0.0.5-0.20241231100348-c922a5d3a0e7 h1:r4HV6wrbm/ImprAjpqtlz2UA4oShJX40C1z1AZ31yjw=
github.com/itsubaki/q v0.0.5-0.20241231100348-c922a5d3a0e7/go.mod h1:iu/YVKAxGQ9h/xxmcVveJqPfJ0yR4N3u6krgXEUC3J4=
github.com/itsubaki/q v0.0.5 h1:8D7fsfjswkMT+TznDftHUYWAVhqZvHBAqAx07ygZhHE=
github.com/itsubaki/q v0.0.5/go.mod h1:iu/YVKAxGQ9h/xxmcVveJqPfJ0yR4N3u6krgXEUC3J4=
golang.org/x/exp v0.0.0-20241217172543-b2144cdd0a67 h1:1UoZQm6f0P/ZO0w1Ri+f+ifG/gXhegadRdwBIXEFWDo=
golang.org/x/exp v0.0.0-20241217172543-b2144cdd0a67/go.mod h1:qj5a5QZpwLU2NLQudwIN5koi3beDhSAlJwa67PuM98c=
golang.org/x/exp v0.0.0-20250128182459-e0ece0dbea4c h1:KL/ZBHXgKGVmuZBZ01Lt57yE5ws8ZPSkkihmEyq7FXc=
golang.org/x/exp v0.0.0-20250128182459-e0ece0dbea4c/go.mod h1:tujkw807nyEEAamNbDrEGzRav+ilXA7PCRAd6xsmwiU=
