github.com/antlr4-go/antlr/v4 v4.13.1 h1:SqQKkuVZ+zWkMMNkjy5FZe5mr5WURWnlpmOuzYWrPrQ=
github.com/antlr4-go/antlr/v4 v4.13.1/go.mod h1:GKmUxMtwp6ZgGwZSva4eWPC5mS6vUAmOABFgjdkM7Nw=
github.com/itsubaki/q v0.0.8-0.20250731125408-5f3a12c3796a h1:WdXAIYKQfe6F765Gta+Y645y7we/6Yp6zFbwJ9iq7S4=
github.com/itsubaki/q v0.0.8-0.20250731125408-5f3a12c3796a/go.mod h1:iu/YVKAxGQ9h/xxmcVveJqPfJ0yR4N3u6krgXEUC3J4=
golang.org/x/exp v0.0.0-20250718183923-645b1fa84792 h1:R9PFI6EUdfVKgwKjZef7QIwGcBKu86OEFpJ9nUEP2l4=
golang.org/x/exp v0.0.0-20250718183923-645b1fa84792/go.mod h1:A+z0yzpGtvnG90cToK5n2tu8UJVP2XUATh+r+sfOOOc=
