github.com/antlr4-go/antlr/v4 v4.13.1 h1:SqQKkuVZ+zWkMMNkjy5FZe5mr5WURWnlpmOuzYWrPrQ=
github.com/antlr4-go/antlr/v4 v4.13.1/go.mod h1:GKmUxMtwp6ZgGwZSva4eWPC5mS6vUAmOABFgjdkM7Nw=
github.com/itsubaki/q v0.0.12-0.20260706103345-855970e5e7b0 h1:43JIJ/lns+eeizEWqKDYqCEezhyiAV7GgmMzAFJb1zk=
github.com/itsubaki/q v0.0.12-0.20260706103345-855970e5e7b0/go.mod h1:iu/YVKAxGQ9h/xxmcVveJqPfJ0yR4N3u6krgXEUC3J4=
golang.org/x/exp v0.0.0-20260709172345-9ea1abe57597 h1:qLvzZeaANDgyVOA8pyHCOStGlXn0rseXma+GQjeuv2g=
golang.org/x/exp v0.0.0-20260709172345-9ea1abe57597/go.mod h1:EdfpwwqSu+0Li0mzskwHU6FWDV3t9Q+RZDo3QMUtL3Q=
